// !$*UTF8*$!
{
	archiveVersion = 1;
	classes = {
	};
	objectVersion = 50;
	objects = {

/* Begin PBXBuildFile section */
		AC984E5E220764D2008779A7 /* AppDelegate.swift in Sources */ = {isa = PBXBuildFile; fileRef = AC984E5D220764D2008779A7 /* AppDelegate.swift */; };
		AC984E63220764D2008779A7 /* Main.storyboard in Resources */ = {isa = PBXBuildFile; fileRef = AC984E61220764D2008779A7 /* Main.storyboard */; };
		AC984E66220764D2008779A7 /* SofteamQuiz.xcdatamodeld in Sources */ = {isa = PBXBuildFile; fileRef = AC984E64220764D2008779A7 /* SofteamQuiz.xcdatamodeld */; };
		AC984E68220764D4008779A7 /* Assets.xcassets in Resources */ = {isa = PBXBuildFile; fileRef = AC984E67220764D4008779A7 /* Assets.xcassets */; };
		AC984E6B220764D4008779A7 /* LaunchScreen.storyboard in Resources */ = {isa = PBXBuildFile; fileRef = AC984E69220764D4008779A7 /* LaunchScreen.storyboard */; };
		AC984E76220764D4008779A7 /* SofteamQuizTests.swift in Sources */ = {isa = PBXBuildFile; fileRef = AC984E75220764D4008779A7 /* SofteamQuizTests.swift */; };
		AC984E81220764D4008779A7 /* SofteamQuizUITests.swift in Sources */ = {isa = PBXBuildFile; fileRef = AC984E80220764D4008779A7 /* SofteamQuizUITests.swift */; };
		AC984E90220767EB008779A7 /* Question.swift in Sources */ = {isa = PBXBuildFile; fileRef = AC984E8F220767EB008779A7 /* Question.swift */; };
		AC984E922207686D008779A7 /* Theme.swift in Sources */ = {isa = PBXBuildFile; fileRef = AC984E912207686D008779A7 /* Theme.swift */; };
		AC984E94220768AB008779A7 /* SubTheme.swift in Sources */ = {isa = PBXBuildFile; fileRef = AC984E93220768AB008779A7 /* SubTheme.swift */; };
		AC984E9722076FAD008779A7 /* ThemeManager.swift in Sources */ = {isa = PBXBuildFile; fileRef = AC984E9622076FAD008779A7 /* ThemeManager.swift */; };
		AC984E9922077A09008779A7 /* QuizViewController.swift in Sources */ = {isa = PBXBuildFile; fileRef = AC984E9822077A09008779A7 /* QuizViewController.swift */; };
/* End PBXBuildFile section */

/* Begin PBXContainerItemProxy section */
		AC984E72220764D4008779A7 /* PBXContainerItemProxy */ = {
			isa = PBXContainerItemProxy;
			containerPortal = AC984E52220764D2008779A7 /* Project object */;
			proxyType = 1;
			remoteGlobalIDString = AC984E59220764D2008779A7;
			remoteInfo = SofteamQuiz;
		};
		AC984E7D220764D4008779A7 /* PBXContainerItemProxy */ = {
			isa = PBXContainerItemProxy;
			containerPortal = AC984E52220764D2008779A7 /* Project object */;
			proxyType = 1;
			remoteGlobalIDString = AC984E59220764D2008779A7;
			remoteInfo = SofteamQuiz;
		};
/* End PBXContainerItemProxy section */

/* Begin PBXFileReference section */
		AC984E5A220764D2008779A7 /* SofteamQuiz.app */ = {isa = PBXFileReference; explicitFileType = wrapper.application; includeInIndex = 0; path = SofteamQuiz.app; sourceTree = BUILT_PRODUCTS_DIR; };
		AC984E5D220764D2008779A7 /* AppDelegate.swift */ = {isa = PBXFileReference; lastKnownFileType = sourcecode.swift; path = AppDelegate.swift; sourceTree = "<group>"; };
		AC984E62220764D2008779A7 /* Base */ = {isa = PBXFileReference; lastKnownFileType = file.storyboard; name = Base; path = Base.lproj/Main.storyboard; sourceTree = "<group>"; };
		AC984E65220764D2008779A7 /* SofteamQuiz.xcdatamodel */ = {isa = PBXFileReference; lastKnownFileType = wrapper.xcdatamodel; path = SofteamQuiz.xcdatamodel; sourceTree = "<group>"; };
		AC984E67220764D4008779A7 /* Assets.xcassets */ = {isa = PBXFileReference; lastKnownFileType = folder.assetcatalog; path = Assets.xcassets; sourceTree = "<group>"; };
		AC984E6A220764D4008779A7 /* Base */ = {isa = PBXFileReference; lastKnownFileType = file.storyboard; name = Base; path = Base.lproj/LaunchScreen.storyboard; sourceTree = "<group>"; };
		AC984E6C220764D4008779A7 /* Info.plist */ = {isa = PBXFileReference; lastKnownFileType = text.plist.xml; path = Info.plist; sourceTree = "<group>"; };
		AC984E71220764D4008779A7 /* SofteamQuizTests.xctest */ = {isa = PBXFileReference; explicitFileType = wrapper.cfbundle; includeInIndex = 0; path = SofteamQuizTests.xctest; sourceTree = BUILT_PRODUCTS_DIR; };
		AC984E75220764D4008779A7 /* SofteamQuizTests.swift */ = {isa = PBXFileReference; lastKnownFileType = sourcecode.swift; path = SofteamQuizTests.swift; sourceTree = "<group>"; };
		AC984E77220764D4008779A7 /* Info.plist */ = {isa = PBXFileReference; lastKnownFileType = text.plist.xml; path = Info.plist; sourceTree = "<group>"; };
		AC984E7C220764D4008779A7 /* SofteamQuizUITests.xctest */ = {isa = PBXFileReference; explicitFileType = wrapper.cfbundle; includeInIndex = 0; path = SofteamQuizUITests.xctest; sourceTree = BUILT_PRODUCTS_DIR; };
		AC984E80220764D4008779A7 /* SofteamQuizUITests.swift */ = {isa = PBXFileReference; lastKnownFileType = sourcecode.swift; path = SofteamQuizUITests.swift; sourceTree = "<group>"; };
		AC984E82220764D4008779A7 /* Info.plist */ = {isa = PBXFileReference; lastKnownFileType = text.plist.xml; path = Info.plist; sourceTree = "<group>"; };
		AC984E8F220767EB008779A7 /* Question.swift */ = {isa = PBXFileReference; lastKnownFileType = sourcecode.swift; path = Question.swift; sourceTree = "<group>"; };
		AC984E912207686D008779A7 /* Theme.swift */ = {isa = PBXFileReference; lastKnownFileType = sourcecode.swift; path = Theme.swift; sourceTree = "<group>"; };
		AC984E93220768AB008779A7 /* SubTheme.swift */ = {isa = PBXFileReference; lastKnownFileType = sourcecode.swift; path = SubTheme.swift; sourceTree = "<group>"; };
		AC984E9622076FAD008779A7 /* ThemeManager.swift */ = {isa = PBXFileReference; lastKnownFileType = sourcecode.swift; path = ThemeManager.swift; sourceTree = "<group>"; };
		AC984E9822077A09008779A7 /* QuizViewController.swift */ = {isa = PBXFileReference; lastKnownFileType = sourcecode.swift; path = QuizViewController.swift; sourceTree = "<group>"; };
/* End PBXFileReference section */

/* Begin PBXFrameworksBuildPhase section */
		AC984E57220764D2008779A7 /* Frameworks */ = {
			isa = PBXFrameworksBuildPhase;
			buildActionMask = 2147483647;
			files = (
			);
			runOnlyForDeploymentPostprocessing = 0;
		};
		AC984E6E220764D4008779A7 /* Frameworks */ = {
			isa = PBXFrameworksBuildPhase;
			buildActionMask = 2147483647;
			files = (
			);
			runOnlyForDeploymentPostprocessing = 0;
		};
		AC984E79220764D4008779A7 /* Frameworks */ = {
			isa = PBXFrameworksBuildPhase;
			buildActionMask = 2147483647;
			files = (
			);
			runOnlyForDeploymentPostprocessing = 0;
		};
/* End PBXFrameworksBuildPhase section */

/* Begin PBXGroup section */
		AC984E51220764D2008779A7 = {
			isa = PBXGroup;
			children = (
				AC984E5C220764D2008779A7 /* SofteamQuiz */,
				AC984E74220764D4008779A7 /* SofteamQuizTests */,
				AC984E7F220764D4008779A7 /* SofteamQuizUITests */,
				AC984E5B220764D2008779A7 /* Products */,
			);
			sourceTree = "<group>";
		};
		AC984E5B220764D2008779A7 /* Products */ = {
			isa = PBXGroup;
			children = (
				AC984E5A220764D2008779A7 /* SofteamQuiz.app */,
				AC984E71220764D4008779A7 /* SofteamQuizTests.xctest */,
				AC984E7C220764D4008779A7 /* SofteamQuizUITests.xctest */,
			);
			name = Products;
			sourceTree = "<group>";
		};
		AC984E5C220764D2008779A7 /* SofteamQuiz */ = {
			isa = PBXGroup;
			children = (
				AC984E9A22077B0D008779A7 /* Controller */,
				AC984E9522076E35008779A7 /* API */,
				AC984E8E220767C9008779A7 /* Model */,
				AC984E5D220764D2008779A7 /* AppDelegate.swift */,
				AC984E9B22077B22008779A7 /* View */,
				AC984E67220764D4008779A7 /* Assets.xcassets */,
				AC984E69220764D4008779A7 /* LaunchScreen.storyboard */,
				AC984E6C220764D4008779A7 /* Info.plist */,
				AC984E64220764D2008779A7 /* SofteamQuiz.xcdatamodeld */,
			);
			path = SofteamQuiz;
			sourceTree = "<group>";
		};
		AC984E74220764D4008779A7 /* SofteamQuizTests */ = {
			isa = PBXGroup;
			children = (
				AC984E75220764D4008779A7 /* SofteamQuizTests.swift */,
				AC984E77220764D4008779A7 /* Info.plist */,
			);
			path = SofteamQuizTests;
			sourceTree = "<group>";
		};
		AC984E7F220764D4008779A7 /* SofteamQuizUITests */ = {
			isa = PBXGroup;
			children = (
				AC984E80220764D4008779A7 /* SofteamQuizUITests.swift */,
				AC984E82220764D4008779A7 /* Info.plist */,
			);
			path = SofteamQuizUITests;
			sourceTree = "<group>";
		};
		AC984E8E220767C9008779A7 /* Model */ = {
			isa = PBXGroup;
			children = (
				AC984E8F220767EB008779A7 /* Question.swift */,
				AC984E912207686D008779A7 /* Theme.swift */,
				AC984E93220768AB008779A7 /* SubTheme.swift */,
			);
			path = Model;
			sourceTree = "<group>";
		};
		AC984E9522076E35008779A7 /* API */ = {
			isa = PBXGroup;
			children = (
				AC984E9622076FAD008779A7 /* ThemeManager.swift */,
			);
			path = API;
			sourceTree = "<group>";
		};
		AC984E9A22077B0D008779A7 /* Controller */ = {
			isa = PBXGroup;
			children = (
				AC984E9822077A09008779A7 /* QuizViewController.swift */,
			);
			path = Controller;
			sourceTree = "<group>";
		};
		AC984E9B22077B22008779A7 /* View */ = {
			isa = PBXGroup;
			children = (
				AC984E61220764D2008779A7 /* Main.storyboard */,
			);
			path = View;
			sourceTree = "<group>";
		};
/* End PBXGroup section */

/* Begin PBXNativeTarget section */
		AC984E59220764D2008779A7 /* SofteamQuiz */ = {
			isa = PBXNativeTarget;
			buildConfigurationList = AC984E85220764D4008779A7 /* Build configuration list for PBXNativeTarget "SofteamQuiz" */;
			buildPhases = (
				AC984E56220764D2008779A7 /* Sources */,
				AC984E57220764D2008779A7 /* Frameworks */,
				AC984E58220764D2008779A7 /* Resources */,
			);
			buildRules = (
			);
			dependencies = (
			);
			name = SofteamQuiz;
			productName = SofteamQuiz;
			productReference = AC984E5A220764D2008779A7 /* SofteamQuiz.app */;
			productType = "com.apple.product-type.application";
		};
		AC984E70220764D4008779A7 /* SofteamQuizTests */ = {
			isa = PBXNativeTarget;
			buildConfigurationList = AC984E88220764D4008779A7 /* Build configuration list for PBXNativeTarget "SofteamQuizTests" */;
			buildPhases = (
				AC984E6D220764D4008779A7 /* Sources */,
				AC984E6E220764D4008779A7 /* Frameworks */,
				AC984E6F220764D4008779A7 /* Resources */,
			);
			buildRules = (
			);
			dependencies = (
				AC984E73220764D4008779A7 /* PBXTargetDependency */,
			);
			name = SofteamQuizTests;
			productName = SofteamQuizTests;
			productReference = AC984E71220764D4008779A7 /* SofteamQuizTests.xctest */;
			productType = "com.apple.product-type.bundle.unit-test";
		};
		AC984E7B220764D4008779A7 /* SofteamQuizUITests */ = {
			isa = PBXNativeTarget;
			buildConfigurationList = AC984E8B220764D4008779A7 /* Build configuration list for PBXNativeTarget "SofteamQuizUITests" */;
			buildPhases = (
				AC984E78220764D4008779A7 /* Sources */,
				AC984E79220764D4008779A7 /* Frameworks */,
				AC984E7A220764D4008779A7 /* Resources */,
			);
			buildRules = (
			);
			dependencies = (
				AC984E7E220764D4008779A7 /* PBXTargetDependency */,
			);
			name = SofteamQuizUITests;
			productName = SofteamQuizUITests;
			productReference = AC984E7C220764D4008779A7 /* SofteamQuizUITests.xctest */;
			productType = "com.apple.product-type.bundle.ui-testing";
		};
/* End PBXNativeTarget section */

/* Begin PBXProject section */
		AC984E52220764D2008779A7 /* Project object */ = {
			isa = PBXProject;
			attributes = {
				LastSwiftUpdateCheck = 1010;
				LastUpgradeCheck = 1010;
				ORGANIZATIONNAME = "Guest User";
				TargetAttributes = {
					AC984E59220764D2008779A7 = {
						CreatedOnToolsVersion = 10.1;
					};
					AC984E70220764D4008779A7 = {
						CreatedOnToolsVersion = 10.1;
						TestTargetID = AC984E59220764D2008779A7;
					};
					AC984E7B220764D4008779A7 = {
						CreatedOnToolsVersion = 10.1;
						TestTargetID = AC984E59220764D2008779A7;
					};
				};
			};
			buildConfigurationList = AC984E55220764D2008779A7 /* Build configuration list for PBXProject "SofteamQuiz" */;
			compatibilityVersion = "Xcode 9.3";
			developmentRegion = en;
			hasScannedForEncodings = 0;
			knownRegions = (
				en,
				Base,
			);
			mainGroup = AC984E51220764D2008779A7;
			productRefGroup = AC984E5B220764D2008779A7 /* Products */;
			projectDirPath = "";
			projectRoot = "";
			targets = (
				AC984E59220764D2008779A7 /* SofteamQuiz */,
				AC984E70220764D4008779A7 /* SofteamQuizTests */,
				AC984E7B220764D4008779A7 /* SofteamQuizUITests */,
			);
		};
/* End PBXProject section */

/* Begin PBXResourcesBuildPhase section */
		AC984E58220764D2008779A7 /* Resources */ = {
			isa = PBXResourcesBuildPhase;
			buildActionMask = 2147483647;
			files = (
				AC984E6B220764D4008779A7 /* LaunchScreen.storyboard in Resources */,
				AC984E68220764D4008779A7 /* Assets.xcassets in Resources */,
				AC984E63220764D2008779A7 /* Main.storyboard in Resources */,
			);
			runOnlyForDeploymentPostprocessing = 0;
		};
		AC984E6F220764D4008779A7 /* Resources */ = {
			isa = PBXResourcesBuildPhase;
			buildActionMask = 2147483647;
			files = (
			);
			runOnlyForDeploymentPostprocessing = 0;
		};
		AC984E7A220764D4008779A7 /* Resources */ = {
			isa = PBXResourcesBuildPhase;
			buildActionMask = 2147483647;
			files = (
			);
			runOnlyForDeploymentPostprocessing = 0;
		};
/* End PBXResourcesBuildPhase section */

/* Begin PBXSourcesBuildPhase section */
		AC984E56220764D2008779A7 /* Sources */ = {
			isa = PBXSourcesBuildPhase;
			buildActionMask = 2147483647;
			files = (
				AC984E9722076FAD008779A7 /* ThemeManager.swift in Sources */,
				AC984E90220767EB008779A7 /* Question.swift in Sources */,
				AC984E9922077A09008779A7 /* QuizViewController.swift in Sources */,
				AC984E922207686D008779A7 /* Theme.swift in Sources */,
				AC984E94220768AB008779A7 /* SubTheme.swift in Sources */,
				AC984E5E220764D2008779A7 /* AppDelegate.swift in Sources */,
				AC984E66220764D2008779A7 /* SofteamQuiz.xcdatamodeld in Sources */,
			);
			runOnlyForDeploymentPostprocessing = 0;
		};
		AC984E6D220764D4008779A7 /* Sources */ = {
			isa = PBXSourcesBuildPhase;
			buildActionMask = 2147483647;
			files = (
				AC984E76220764D4008779A7 /* SofteamQuizTests.swift in Sources */,
			);
			runOnlyForDeploymentPostprocessing = 0;
		};
		AC984E78220764D4008779A7 /* Sources */ = {
			isa = PBXSourcesBuildPhase;
			buildActionMask = 2147483647;
			files = (
				AC984E81220764D4008779A7 /* SofteamQuizUITests.swift in Sources */,
			);
			runOnlyForDeploymentPostprocessing = 0;
		};
/* End PBXSourcesBuildPhase section */

/* Begin PBXTargetDependency section */
		AC984E73220764D4008779A7 /* PBXTargetDependency */ = {
			isa = PBXTargetDependency;
			target = AC984E59220764D2008779A7 /* SofteamQuiz */;
			targetProxy = AC984E72220764D4008779A7 /* PBXContainerItemProxy */;
		};
		AC984E7E220764D4008779A7 /* PBXTargetDependency */ = {
			isa = PBXTargetDependency;
			target = AC984E59220764D2008779A7 /* SofteamQuiz */;
			targetProxy = AC984E7D220764D4008779A7 /* PBXContainerItemProxy */;
		};
/* End PBXTargetDependency section */

/* Begin PBXVariantGroup section */
		AC984E61220764D2008779A7 /* Main.storyboard */ = {
			isa = PBXVariantGroup;
			children = (
				AC984E62220764D2008779A7 /* Base */,
			);
			name = Main.storyboard;
			sourceTree = "<group>";
		};
		AC984E69220764D4008779A7 /* LaunchScreen.storyboard */ = {
			isa = PBXVariantGroup;
			children = (
				AC984E6A220764D4008779A7 /* Base */,
			);
			name = LaunchScreen.storyboard;
			sourceTree = "<group>";
		};
/* End PBXVariantGroup section */

/* Begin XCBuildConfiguration section */
		AC984E83220764D4008779A7 /* Debug */ = {
			isa = XCBuildConfiguration;
			buildSettings = {
				ALWAYS_SEARCH_USER_PATHS = NO;
				CLANG_ANALYZER_NONNULL = YES;
				CLANG_ANALYZER_NUMBER_OBJECT_CONVERSION = YES_AGGRESSIVE;
				CLANG_CXX_LANGUAGE_STANDARD = "gnu++14";
				CLANG_CXX_LIBRARY = "libc++";
				CLANG_ENABLE_MODULES = YES;
				CLANG_ENABLE_OBJC_ARC = YES;
				CLANG_ENABLE_OBJC_WEAK = YES;
				CLANG_WARN_BLOCK_CAPTURE_AUTORELEASING = YES;
				CLANG_WARN_BOOL_CONVERSION = YES;
				CLANG_WARN_COMMA = YES;
				CLANG_WARN_CONSTANT_CONVERSION = YES;
				CLANG_WARN_DEPRECATED_OBJC_IMPLEMENTATIONS = YES;
				CLANG_WARN_DIRECT_OBJC_ISA_USAGE = YES_ERROR;
				CLANG_WARN_DOCUMENTATION_COMMENTS = YES;
				CLANG_WARN_EMPTY_BODY = YES;
				CLANG_WARN_ENUM_CONVERSION = YES;
				CLANG_WARN_INFINITE_RECURSION = YES;
				CLANG_WARN_INT_CONVERSION = YES;
				CLANG_WARN_NON_LITERAL_NULL_CONVERSION = YES;
				CLANG_WARN_OBJC_IMPLICIT_RETAIN_SELF = YES;
				CLANG_WARN_OBJC_LITERAL_CONVERSION = YES;
				CLANG_WARN_OBJC_ROOT_CLASS = YES_ERROR;
				CLANG_WARN_RANGE_LOOP_ANALYSIS = YES;
				CLANG_WARN_STRICT_PROTOTYPES = YES;
				CLANG_WARN_SUSPICIOUS_MOVE = YES;
				CLANG_WARN_UNGUARDED_AVAILABILITY = YES_AGGRESSIVE;
				CLANG_WARN_UNREACHABLE_CODE = YES;
				CLANG_WARN__DUPLICATE_METHOD_MATCH = YES;
				CODE_SIGN_IDENTITY = "iPhone Developer";
				COPY_PHASE_STRIP = NO;
				DEBUG_INFORMATION_FORMAT = dwarf;
				ENABLE_STRICT_OBJC_MSGSEND = YES;
				ENABLE_TESTABILITY = YES;
				GCC_C_LANGUAGE_STANDARD = gnu11;
				GCC_DYNAMIC_NO_PIC = NO;
				GCC_NO_COMMON_BLOCKS = YES;
				GCC_OPTIMIZATION_LEVEL = 0;
				GCC_PREPROCESSOR_DEFINITIONS = (
					"DEBUG=1",
					"$(inherited)",
				);
				GCC_WARN_64_TO_32_BIT_CONVERSION = YES;
				GCC_WARN_ABOUT_RETURN_TYPE = YES_ERROR;
				GCC_WARN_UNDECLARED_SELECTOR = YES;
				GCC_WARN_UNINITIALIZED_AUTOS = YES_AGGRESSIVE;
				GCC_WARN_UNUSED_FUNCTION = YES;
				GCC_WARN_UNUSED_VARIABLE = YES;
				IPHONEOS_DEPLOYMENT_TARGET = 12.1;
				MTL_ENABLE_DEBUG_INFO = INCLUDE_SOURCE;
				MTL_FAST_MATH = YES;
				ONLY_ACTIVE_ARCH = YES;
				SDKROOT = iphoneos;
				SWIFT_ACTIVE_COMPILATION_CONDITIONS = DEBUG;
				SWIFT_OPTIMIZATION_LEVEL = "-Onone";
			};
			name = Debug;
		};
		AC984E84220764D4008779A7 /* Release */ = {
			isa = XCBuildConfiguration;
			buildSettings = {
				ALWAYS_SEARCH_USER_PATHS = NO;
				CLANG_ANALYZER_NONNULL = YES;
				CLANG_ANALYZER_NUMBER_OBJECT_CONVERSION = YES_AGGRESSIVE;
				CLANG_CXX_LANGUAGE_STANDARD = "gnu++14";
				CLANG_CXX_LIBRARY = "libc++";
				CLANG_ENABLE_MODULES = YES;
				CLANG_ENABLE_OBJC_ARC = YES;
				CLANG_ENABLE_OBJC_WEAK = YES;
				CLANG_WARN_BLOCK_CAPTURE_AUTORELEASING = YES;
				CLANG_WARN_BOOL_CONVERSION = YES;
				CLANG_WARN_COMMA = YES;
				CLANG_WARN_CONSTANT_CONVERSION = YES;
				CLANG_WARN_DEPRECATED_OBJC_IMPLEMENTATIONS = YES;
				CLANG_WARN_DIRECT_OBJC_ISA_USAGE = YES_ERROR;
				CLANG_WARN_DOCUMENTATION_COMMENTS = YES;
				CLANG_WARN_EMPTY_BODY = YES;
				CLANG_WARN_ENUM_CONVERSION = YES;
				CLANG_WARN_INFINITE_RECURSION = YES;
				CLANG_WARN_INT_CONVERSION = YES;
				CLANG_WARN_NON_LITERAL_NULL_CONVERSION = YES;
				CLANG_WARN_OBJC_IMPLICIT_RETAIN_SELF = YES;
				CLANG_WARN_OBJC_LITERAL_CONVERSION = YES;
				CLANG_WARN_OBJC_ROOT_CLASS = YES_ERROR;
				CLANG_WARN_RANGE_LOOP_ANALYSIS = YES;
				CLANG_WARN_STRICT_PROTOTYPES = YES;
				CLANG_WARN_SUSPICIOUS_MOVE = YES;
				CLANG_WARN_UNGUARDED_AVAILABILITY = YES_AGGRESSIVE;
				CLANG_WARN_UNREACHABLE_CODE = YES;
				CLANG_WARN__DUPLICATE_METHOD_MATCH = YES;
				CODE_SIGN_IDENTITY = "iPhone Developer";
				COPY_PHASE_STRIP = NO;
				DEBUG_INFORMATION_FORMAT = "dwarf-with-dsym";
				ENABLE_NS_ASSERTIONS = NO;
				ENABLE_STRICT_OBJC_MSGSEND = YES;
				GCC_C_LANGUAGE_STANDARD = gnu11;
				GCC_NO_COMMON_BLOCKS = YES;
				GCC_WARN_64_TO_32_BIT_CONVERSION = YES;
				GCC_WARN_ABOUT_RETURN_TYPE = YES_ERROR;
				GCC_WARN_UNDECLARED_SELECTOR = YES;
				GCC_WARN_UNINITIALIZED_AUTOS = YES_AGGRESSIVE;
				GCC_WARN_UNUSED_FUNCTION = YES;
				GCC_WARN_UNUSED_VARIABLE = YES;
				IPHONEOS_DEPLOYMENT_TARGET = 12.1;
				MTL_ENABLE_DEBUG_INFO = NO;
				MTL_FAST_MATH = YES;
				SDKROOT = iphoneos;
				SWIFT_COMPILATION_MODE = wholemodule;
				SWIFT_OPTIMIZATION_LEVEL = "-O";
				VALIDATE_PRODUCT = YES;
			};
			name = Release;
		};
		AC984E86220764D4008779A7 /* Debug */ = {
			isa = XCBuildConfiguration;
			buildSettings = {
				ASSETCATALOG_COMPILER_APPICON_NAME = AppIcon;
				CODE_SIGN_STYLE = Automatic;
				INFOPLIST_FILE = SofteamQuiz/Info.plist;
				LD_RUNPATH_SEARCH_PATHS = (
					"$(inherited)",
					"@executable_path/Frameworks",
				);
				PRODUCT_BUNDLE_IDENTIFIER = com.SofteamDigital.SofteamQuiz;
				PRODUCT_NAME = "$(TARGET_NAME)";
				SWIFT_VERSION = 4.2;
				TARGETED_DEVICE_FAMILY = "1,2";
			};
			name = Debug;
		};
		AC984E87220764D4008779A7 /* Release */ = {
			isa = XCBuildConfiguration;
			buildSettings = {
				ASSETCATALOG_COMPILER_APPICON_NAME = AppIcon;
				CODE_SIGN_STYLE = Automatic;
				INFOPLIST_FILE = SofteamQuiz/Info.plist;
				LD_RUNPATH_SEARCH_PATHS = (
					"$(inherited)",
					"@executable_path/Frameworks",
				);
				PRODUCT_BUNDLE_IDENTIFIER = com.SofteamDigital.SofteamQuiz;
				PRODUCT_NAME = "$(TARGET_NAME)";
				SWIFT_VERSION = 4.2;
				TARGETED_DEVICE_FAMILY = "1,2";
			};
			name = Release;
		};
		AC984E89220764D4008779A7 /* Debug */ = {
			isa = XCBuildConfiguration;
			buildSettings = {
				ALWAYS_EMBED_SWIFT_STANDARD_LIBRARIES = YES;
				BUNDLE_LOADER = "$(TEST_HOST)";
				CODE_SIGN_STYLE = Automatic;
				INFOPLIST_FILE = SofteamQuizTests/Info.plist;
				LD_RUNPATH_SEARCH_PATHS = (
					"$(inherited)",
					"@executable_path/Frameworks",
					"@loader_path/Frameworks",
				);
				PRODUCT_BUNDLE_IDENTIFIER = com.SofteamDigital.SofteamQuizTests;
				PRODUCT_NAME = "$(TARGET_NAME)";
				SWIFT_VERSION = 4.2;
				TARGETED_DEVICE_FAMILY = "1,2";
				TEST_HOST = "$(BUILT_PRODUCTS_DIR)/SofteamQuiz.app/SofteamQuiz";
			};
			name = Debug;
		};
		AC984E8A220764D4008779A7 /* Release */ = {
			isa = XCBuildConfiguration;
			buildSettings = {
				ALWAYS_EMBED_SWIFT_STANDARD_LIBRARIES = YES;
				BUNDLE_LOADER = "$(TEST_HOST)";
				CODE_SIGN_STYLE = Automatic;
				INFOPLIST_FILE = SofteamQuizTests/Info.plist;
				LD_RUNPATH_SEARCH_PATHS = (
					"$(inherited)",
					"@executable_path/Frameworks",
					"@loader_path/Frameworks",
				);
				PRODUCT_BUNDLE_IDENTIFIER = com.SofteamDigital.SofteamQuizTests;
				PRODUCT_NAME = "$(TARGET_NAME)";
				SWIFT_VERSION = 4.2;
				TARGETED_DEVICE_FAMILY = "1,2";
				TEST_HOST = "$(BUILT_PRODUCTS_DIR)/SofteamQuiz.app/SofteamQuiz";
			};
			name = Release;
		};
		AC984E8C220764D4008779A7 /* Debug */ = {
			isa = XCBuildConfiguration;
			buildSettings = {
				ALWAYS_EMBED_SWIFT_STANDARD_LIBRARIES = YES;
				CODE_SIGN_STYLE = Automatic;
				INFOPLIST_FILE = SofteamQuizUITests/Info.plist;
				LD_RUNPATH_SEARCH_PATHS = (
					"$(inherited)",
					"@executable_path/Frameworks",
					"@loader_path/Frameworks",
				);
				PRODUCT_BUNDLE_IDENTIFIER = com.SofteamDigital.SofteamQuizUITests;
				PRODUCT_NAME = "$(TARGET_NAME)";
				SWIFT_VERSION = 4.2;
				TARGETED_DEVICE_FAMILY = "1,2";
				TEST_TARGET_NAME = SofteamQuiz;
			};
			name = Debug;
		};
		AC984E8D220764D4008779A7 /* Release */ = {
			isa = XCBuildConfiguration;
			buildSettings = {
				ALWAYS_EMBED_SWIFT_STANDARD_LIBRARIES = YES;
				CODE_SIGN_STYLE = Automatic;
				INFOPLIST_FILE = SofteamQuizUITests/Info.plist;
				LD_RUNPATH_SEARCH_PATHS = (
					"$(inherited)",
					"@executable_path/Frameworks",
					"@loader_path/Frameworks",
				);
				PRODUCT_BUNDLE_IDENTIFIER = com.SofteamDigital.SofteamQuizUITests;
				PRODUCT_NAME = "$(TARGET_NAME)";
				SWIFT_VERSION = 4.2;
				TARGETED_DEVICE_FAMILY = "1,2";
				TEST_TARGET_NAME = SofteamQuiz;
			};
			name = Release;
		};
/* End XCBuildConfiguration section */

/* Begin XCConfigurationList section */
		AC984E55220764D2008779A7 /* Build configuration list for PBXProject "SofteamQuiz" */ = {
			isa = XCConfigurationList;
			buildConfigurations = (
				AC984E83220764D4008779A7 /* Debug */,
				AC984E84220764D4008779A7 /* Release */,
			);
			defaultConfigurationIsVisible = 0;
			defaultConfigurationName = Release;
		};
		AC984E85220764D4008779A7 /* Build configuration list for PBXNativeTarget "SofteamQuiz" */ = {
			isa = XCConfigurationList;
			buildConfigurations = (
				AC984E86220764D4008779A7 /* Debug */,
				AC984E87220764D4008779A7 /* Release */,
			);
			defaultConfigurationIsVisible = 0;
			defaultConfigurationName = Release;
		};
		AC984E88220764D4008779A7 /* Build configuration list for PBXNativeTarget "SofteamQuizTests" */ = {
			isa = XCConfigurationList;
			buildConfigurations = (
				AC984E89220764D4008779A7 /* Debug */,
				AC984E8A220764D4008779A7 /* Release */,
			);
			defaultConfigurationIsVisible = 0;
			defaultConfigurationName = Release;
		};
		AC984E8B220764D4008779A7 /* Build configuration list for PBXNativeTarget "SofteamQuizUITests" */ = {
			isa = XCConfigurationList;
			buildConfigurations = (
				AC984E8C220764D4008779A7 /* Debug */,
				AC984E8D220764D4008779A7 /* Release */,
			);
			defaultConfigurationIsVisible = 0;
			defaultConfigurationName = Release;
		};
/* End XCConfigurationList section */

/* Begin XCVersionGroup section */
		AC984E64220764D2008779A7 /* SofteamQuiz.xcdatamodeld */ = {
			isa = XCVersionGroup;
			children = (
				AC984E65220764D2008779A7 /* SofteamQuiz.xcdatamodel */,
			);
			currentVersion = AC984E65220764D2008779A7 /* SofteamQuiz.xcdatamodel */;
			path = SofteamQuiz.xcdatamodeld;
			sourceTree = "<group>";
			versionGroupType = wrapper.xcdatamodel;
		};
/* End XCVersionGroup section */
	};
	rootObject = AC984E52220764D2008779A7 /* Project object */;
}
